
Microsoft Visual Studio Solution File, Format Version 12.00
# Visual Studio Version 16
VisualStudioVersion = 16.0.31702.278
MinimumVisualStudioVersion = 10.0.40219.1
Project("{FAE04EC0-301F-11D3-BF4B-00C04F79EFBC}") = "Prueba1", "Prueba1\Prueba1.csproj", "{2AD04704-45AE-4DB6-912D-4E5C3DB4AA78}"
EndProject
Global
	GlobalSection(SolutionConfigurationPlatforms) = preSolution
		Debug|Any CPU = Debug|Any CPU
		Release|Any CPU = Release|Any CPU
	EndGlobalSection
	GlobalSection(ProjectConfigurationPlatforms) = postSolution
		{2AD04704-45AE-4DB6-912D-4E5C3DB4AA78}.Debug|Any CPU.ActiveCfg = Debug|Any CPU
		{2AD04704-45AE-4DB6-912D-4E5C3DB4AA78}.Debug|Any CPU.Build.0 = Debug|Any CPU
		{2AD04704-45AE-4DB6-912D-4E5C3DB4AA78}.Release|Any CPU.ActiveCfg = Release|Any CPU
		{2AD04704-45AE-4DB6-912D-4E5C3DB4AA78}.Release|Any CPU.Build.0 = Release|Any CPU
	EndGlobalSection
	GlobalSection(SolutionProperties) = preSolution
		HideSolutionNode = FALSE
	EndGlobalSection
	GlobalSection(ExtensibilityGlobals) = postSolution
		SolutionGuid = {F480CD9A-CF6D-454F-A525-A9921C3327FD}
	EndGlobalSection
EndGlobal
